{
  "object": {
    "pins": [
      {
        "package": "CLibreSSL",
        "repositoryURL": "https://github.com/vapor/clibressl.git",
        "state": {
          "branch": null,
          "revision": "23ddb296981d17a8ee6c7418742a40cad5d2f9d0",
          "version": "1.0.0"
        }
      },
      {
        "package": "HypertextApplicationLanguage",
        "repositoryURL": "https://github.com/noppoMan/HypertextApplicationLanguage.git",
        "state": {
          "branch": null,
          "revision": "e6216c13fd510e31e70e6f409936f1a656db1f33",
          "version": "1.0.1"
        }
      },
      {
        "package": "Prorsum",
        "repositoryURL": "https://github.com/noppoMan/Prorsum.git",
        "state": {
          "branch": "chttpparser-as-internal-module",
          "revision": "fb71ebed3335f911230bbb5a230b525946135527",
          "version": null
        }
      },
      {
        "package": "ProrsumNet",
        "repositoryURL": "https://github.com/noppoman/ProrsumNet.git",
        "state": {
          "branch": null,
          "revision": "627eb273db4c37791aacd78ae8aef4da30f95bcb",
          "version": "0.1.2"
        }
      }
    ]
  },
  "version": 1
}
